{
  "object": {
    "pins": [
      {
        "package": "CHttpParser",
        "repositoryURL": "https://github.com/IBM-Swift/CHTTPParser.git",
        "state": {
          "branch": null,
          "revision": "41daabbb120ef34302a63e95f8af51137260e997",
          "version": "0.1.1"
        }
      },
      {
        "package": "Socket",
        "repositoryURL": "https://github.com/IBM-Swift/BlueSocket.git",
        "state": {
          "branch": null,
          "revision": "ddd0be6008914b64cb28784632ada5d3cc7a7ce9",
          "version": "0.12.67"
        }
      },
      {
        "package": "SwiftServerHTTP",
        "repositoryURL": "https://github.com/swift-server/http.git",
        "state": {
          "branch": "develop",
          "revision": "fee570269557b124cf5d8a74affbe67a9d8d6a9d",
          "version": null
        }
      }
    ]
  },
  "version": 1
}
